
Microsoft Visual Studio Solution File, Format Version 12.00
# Visual Studio Version 16
VisualStudioVersion = 16.0.33328.57
MinimumVisualStudioVersion = 10.0.40219.1
Project("{FAE04EC0-301F-11D3-BF4B-00C04F79EFBC}") = "Assignment", "Assignment\Assignment.csproj", "{D4667B04-DCCC-49E6-A31E-23DFAC97B113}"
EndProject
Global
	GlobalSection(SolutionConfigurationPlatforms) = preSolution
		Debug|Any CPU = Debug|Any CPU
		Release|Any CPU = Release|Any CPU
	EndGlobalSection
	GlobalSection(ProjectConfigurationPlatforms) = postSolution
		{D4667B04-DCCC-49E6-A31E-23DFAC97B113}.Debug|Any CPU.ActiveCfg = Debug|Any CPU
		{D4667B04-DCCC-49E6-A31E-23DFAC97B113}.Debug|Any CPU.Build.0 = Debug|Any CPU
		{D4667B04-DCCC-49E6-A31E-23DFAC97B113}.Release|Any CPU.ActiveCfg = Release|Any CPU
		{D4667B04-DCCC-49E6-A31E-23DFAC97B113}.Release|Any CPU.Build.0 = Release|Any CPU
	EndGlobalSection
	GlobalSection(SolutionProperties) = preSolution
		HideSolutionNode = FALSE
	EndGlobalSection
	GlobalSection(ExtensibilityGlobals) = postSolution
		SolutionGuid = {6DF218FD-977F-46EB-909C-410263DBB0DE}
	EndGlobalSection
EndGlobal
